// !$*UTF8*$!
{
	archiveVersion = 1;
	classes = {
	};
	objectVersion = 50;
	objects = {

/* Begin PBXBuildFile section */
		03815CC723E449C3009F9A1C /* QuickSort.m in Sources */ = {isa = PBXBuildFile; fileRef = 03815CC623E449C3009F9A1C /* QuickSort.m */; };
		03815CCA23E45C8F009F9A1C /* InsertSort.m in Sources */ = {isa = PBXBuildFile; fileRef = 03815CC923E45C8F009F9A1C /* InsertSort.m */; };
		03815CCF23E4627D009F9A1C /* BubbleSort.m in Sources */ = {isa = PBXBuildFile; fileRef = 03815CCE23E4627D009F9A1C /* BubbleSort.m */; };
		03815CD623E46419009F9A1C /* SelectSort.m in Sources */ = {isa = PBXBuildFile; fileRef = 03815CD523E46419009F9A1C /* SelectSort.m */; };
		03815CD923E46488009F9A1C /* HeapSort.m in Sources */ = {isa = PBXBuildFile; fileRef = 03815CD823E46488009F9A1C /* HeapSort.m */; };
		03815CDD23E4651F009F9A1C /* ShellSort.m in Sources */ = {isa = PBXBuildFile; fileRef = 03815CDC23E4651F009F9A1C /* ShellSort.m */; };
		03815CE123E473E7009F9A1C /* MergeSort.m in Sources */ = {isa = PBXBuildFile; fileRef = 03815CE023E473E7009F9A1C /* MergeSort.m */; };
		03815CE523E47529009F9A1C /* RadixSort.m in Sources */ = {isa = PBXBuildFile; fileRef = 03815CE423E47529009F9A1C /* RadixSort.m */; };
		03815CE823E560E4009F9A1C /* SortTest.m in Sources */ = {isa = PBXBuildFile; fileRef = 03815CE723E560E4009F9A1C /* SortTest.m */; };
		03F6377923D69D6E0095AE17 /* AppDelegate.m in Sources */ = {isa = PBXBuildFile; fileRef = 03F6377823D69D6E0095AE17 /* AppDelegate.m */; };
		03F6377C23D69D6E0095AE17 /* SceneDelegate.m in Sources */ = {isa = PBXBuildFile; fileRef = 03F6377B23D69D6E0095AE17 /* SceneDelegate.m */; };
		03F6377F23D69D6E0095AE17 /* ViewController.m in Sources */ = {isa = PBXBuildFile; fileRef = 03F6377E23D69D6E0095AE17 /* ViewController.m */; };
		03F6378223D69D6E0095AE17 /* Main.storyboard in Resources */ = {isa = PBXBuildFile; fileRef = 03F6378023D69D6E0095AE17 /* Main.storyboard */; };
		03F6378423D69D6F0095AE17 /* Assets.xcassets in Resources */ = {isa = PBXBuildFile; fileRef = 03F6378323D69D6F0095AE17 /* Assets.xcassets */; };
		03F6378723D69D6F0095AE17 /* LaunchScreen.storyboard in Resources */ = {isa = PBXBuildFile; fileRef = 03F6378523D69D6F0095AE17 /* LaunchScreen.storyboard */; };
		03F6378A23D69D6F0095AE17 /* main.m in Sources */ = {isa = PBXBuildFile; fileRef = 03F6378923D69D6F0095AE17 /* main.m */; };
/* End PBXBuildFile section */

/* Begin PBXFileReference section */
		03815CC523E449C3009F9A1C /* QuickSort.h */ = {isa = PBXFileReference; lastKnownFileType = sourcecode.c.h; path = QuickSort.h; sourceTree = "<group>"; };
		03815CC623E449C3009F9A1C /* QuickSort.m */ = {isa = PBXFileReference; lastKnownFileType = sourcecode.c.objc; path = QuickSort.m; sourceTree = "<group>"; };
		03815CC823E45C8F009F9A1C /* InsertSort.h */ = {isa = PBXFileReference; lastKnownFileType = sourcecode.c.h; path = InsertSort.h; sourceTree = "<group>"; };
		03815CC923E45C8F009F9A1C /* InsertSort.m */ = {isa = PBXFileReference; lastKnownFileType = sourcecode.c.objc; path = InsertSort.m; sourceTree = "<group>"; };
		03815CCB23E46223009F9A1C /* TestSortProtocol.h */ = {isa = PBXFileReference; lastKnownFileType = sourcecode.c.h; path = TestSortProtocol.h; sourceTree = "<group>"; };
		03815CCD23E4627D009F9A1C /* BubbleSort.h */ = {isa = PBXFileReference; lastKnownFileType = sourcecode.c.h; path = BubbleSort.h; sourceTree = "<group>"; };
		03815CCE23E4627D009F9A1C /* BubbleSort.m */ = {isa = PBXFileReference; lastKnownFileType = sourcecode.c.objc; path = BubbleSort.m; sourceTree = "<group>"; };
		03815CD423E46419009F9A1C /* SelectSort.h */ = {isa = PBXFileReference; lastKnownFileType = sourcecode.c.h; path = SelectSort.h; sourceTree = "<group>"; };
		03815CD523E46419009F9A1C /* SelectSort.m */ = {isa = PBXFileReference; lastKnownFileType = sourcecode.c.objc; path = SelectSort.m; sourceTree = "<group>"; };
		03815CD723E46488009F9A1C /* HeapSort.h */ = {isa = PBXFileReference; lastKnownFileType = sourcecode.c.h; path = HeapSort.h; sourceTree = "<group>"; };
		03815CD823E46488009F9A1C /* HeapSort.m */ = {isa = PBXFileReference; lastKnownFileType = sourcecode.c.objc; path = HeapSort.m; sourceTree = "<group>"; };
		03815CDB23E4651F009F9A1C /* ShellSort.h */ = {isa = PBXFileReference; lastKnownFileType = sourcecode.c.h; path = ShellSort.h; sourceTree = "<group>"; };
		03815CDC23E4651F009F9A1C /* ShellSort.m */ = {isa = PBXFileReference; lastKnownFileType = sourcecode.c.objc; path = ShellSort.m; sourceTree = "<group>"; };
		03815CDF23E473E7009F9A1C /* MergeSort.h */ = {isa = PBXFileReference; lastKnownFileType = sourcecode.c.h; path = MergeSort.h; sourceTree = "<group>"; };
		03815CE023E473E7009F9A1C /* MergeSort.m */ = {isa = PBXFileReference; lastKnownFileType = sourcecode.c.objc; path = MergeSort.m; sourceTree = "<group>"; };
		03815CE323E47529009F9A1C /* RadixSort.h */ = {isa = PBXFileReference; lastKnownFileType = sourcecode.c.h; path = RadixSort.h; sourceTree = "<group>"; };
		03815CE423E47529009F9A1C /* RadixSort.m */ = {isa = PBXFileReference; lastKnownFileType = sourcecode.c.objc; path = RadixSort.m; sourceTree = "<group>"; };
		03815CE623E560E4009F9A1C /* SortTest.h */ = {isa = PBXFileReference; lastKnownFileType = sourcecode.c.h; path = SortTest.h; sourceTree = "<group>"; };
		03815CE723E560E4009F9A1C /* SortTest.m */ = {isa = PBXFileReference; lastKnownFileType = sourcecode.c.objc; path = SortTest.m; sourceTree = "<group>"; };
		03F6377423D69D6E0095AE17 /* SortDemo.app */ = {isa = PBXFileReference; explicitFileType = wrapper.application; includeInIndex = 0; path = SortDemo.app; sourceTree = BUILT_PRODUCTS_DIR; };
		03F6377723D69D6E0095AE17 /* AppDelegate.h */ = {isa = PBXFileReference; lastKnownFileType = sourcecode.c.h; path = AppDelegate.h; sourceTree = "<group>"; };
		03F6377823D69D6E0095AE17 /* AppDelegate.m */ = {isa = PBXFileReference; lastKnownFileType = sourcecode.c.objc; path = AppDelegate.m; sourceTree = "<group>"; };
		03F6377A23D69D6E0095AE17 /* SceneDelegate.h */ = {isa = PBXFileReference; lastKnownFileType = sourcecode.c.h; path = SceneDelegate.h; sourceTree = "<group>"; };
		03F6377B23D69D6E0095AE17 /* SceneDelegate.m */ = {isa = PBXFileReference; lastKnownFileType = sourcecode.c.objc; path = SceneDelegate.m; sourceTree = "<group>"; };
		03F6377D23D69D6E0095AE17 /* ViewController.h */ = {isa = PBXFileReference; lastKnownFileType = sourcecode.c.h; path = ViewController.h; sourceTree = "<group>"; };
		03F6377E23D69D6E0095AE17 /* ViewController.m */ = {isa = PBXFileReference; lastKnownFileType = sourcecode.c.objc; path = ViewController.m; sourceTree = "<group>"; };
		03F6378123D69D6E0095AE17 /* Base */ = {isa = PBXFileReference; lastKnownFileType = file.storyboard; name = Base; path = Base.lproj/Main.storyboard; sourceTree = "<group>"; };
		03F6378323D69D6F0095AE17 /* Assets.xcassets */ = {isa = PBXFileReference; lastKnownFileType = folder.assetcatalog; path = Assets.xcassets; sourceTree = "<group>"; };
		03F6378623D69D6F0095AE17 /* Base */ = {isa = PBXFileReference; lastKnownFileType = file.storyboard; name = Base; path = Base.lproj/LaunchScreen.storyboard; sourceTree = "<group>"; };
		03F6378823D69D6F0095AE17 /* Info.plist */ = {isa = PBXFileReference; lastKnownFileType = text.plist.xml; path = Info.plist; sourceTree = "<group>"; };
		03F6378923D69D6F0095AE17 /* main.m */ = {isa = PBXFileReference; lastKnownFileType = sourcecode.c.objc; path = main.m; sourceTree = "<group>"; };
/* End PBXFileReference section */

/* Begin PBXFrameworksBuildPhase section */
		03F6377123D69D6E0095AE17 /* Frameworks */ = {
			isa = PBXFrameworksBuildPhase;
			buildActionMask = 2147483647;
			files = (
			);
			runOnlyForDeploymentPostprocessing = 0;
		};
/* End PBXFrameworksBuildPhase section */

/* Begin PBXGroup section */
		03815CCC23E4625D009F9A1C /* 1.冒泡排序 */ = {
			isa = PBXGroup;
			children = (
				03815CCD23E4627D009F9A1C /* BubbleSort.h */,
				03815CCE23E4627D009F9A1C /* BubbleSort.m */,
			);
			path = "1.冒泡排序";
			sourceTree = "<group>";
		};
		03815CD023E462E2009F9A1C /* 2.选择排序 */ = {
			isa = PBXGroup;
			children = (
				03815CD423E46419009F9A1C /* SelectSort.h */,
				03815CD523E46419009F9A1C /* SelectSort.m */,
			);
			path = "2.选择排序";
			sourceTree = "<group>";
		};
		03815CD123E462ED009F9A1C /* 3.堆排序 */ = {
			isa = PBXGroup;
			children = (
				03815CD723E46488009F9A1C /* HeapSort.h */,
				03815CD823E46488009F9A1C /* HeapSort.m */,
			);
			path = "3.堆排序";
			sourceTree = "<group>";
		};
		03815CD223E462FD009F9A1C /* 4.快速排序 */ = {
			isa = PBXGroup;
			children = (
				03815CC523E449C3009F9A1C /* QuickSort.h */,
				03815CC623E449C3009F9A1C /* QuickSort.m */,
			);
			path = "4.快速排序";
			sourceTree = "<group>";
		};
		03815CD323E46314009F9A1C /* 5.直接插入排序 */ = {
			isa = PBXGroup;
			children = (
				03815CC823E45C8F009F9A1C /* InsertSort.h */,
				03815CC923E45C8F009F9A1C /* InsertSort.m */,
			);
			path = "5.直接插入排序";
			sourceTree = "<group>";
		};
		03815CDA23E46501009F9A1C /* 6.希尔排序-插入排序 */ = {
			isa = PBXGroup;
			children = (
				03815CDB23E4651F009F9A1C /* ShellSort.h */,
				03815CDC23E4651F009F9A1C /* ShellSort.m */,
			);
			path = "6.希尔排序-插入排序";
			sourceTree = "<group>";
		};
		03815CDE23E473CB009F9A1C /* 7.归并排序 */ = {
			isa = PBXGroup;
			children = (
				03815CDF23E473E7009F9A1C /* MergeSort.h */,
				03815CE023E473E7009F9A1C /* MergeSort.m */,
			);
			path = "7.归并排序";
			sourceTree = "<group>";
		};
		03815CE223E474C8009F9A1C /* 8.基数排序 */ = {
			isa = PBXGroup;
			children = (
				03815CE323E47529009F9A1C /* RadixSort.h */,
				03815CE423E47529009F9A1C /* RadixSort.m */,
			);
			path = "8.基数排序";
			sourceTree = "<group>";
		};
		03815CE923E56151009F9A1C /* 测试排序 */ = {
			isa = PBXGroup;
			children = (
				03815CCB23E46223009F9A1C /* TestSortProtocol.h */,
				03815CE623E560E4009F9A1C /* SortTest.h */,
				03815CE723E560E4009F9A1C /* SortTest.m */,
			);
			path = "测试排序";
			sourceTree = "<group>";
		};
		03F6376B23D69D6E0095AE17 = {
			isa = PBXGroup;
			children = (
				03F6377623D69D6E0095AE17 /* SortDemo */,
				03F6377523D69D6E0095AE17 /* Products */,
			);
			sourceTree = "<group>";
		};
		03F6377523D69D6E0095AE17 /* Products */ = {
			isa = PBXGroup;
			children = (
				03F6377423D69D6E0095AE17 /* SortDemo.app */,
			);
			name = Products;
			sourceTree = "<group>";
		};
		03F6377623D69D6E0095AE17 /* SortDemo */ = {
			isa = PBXGroup;
			children = (
				03815CE923E56151009F9A1C /* 测试排序 */,
				03815CE223E474C8009F9A1C /* 8.基数排序 */,
				03815CDE23E473CB009F9A1C /* 7.归并排序 */,
				03815CDA23E46501009F9A1C /* 6.希尔排序-插入排序 */,
				03815CD323E46314009F9A1C /* 5.直接插入排序 */,
				03815CD223E462FD009F9A1C /* 4.快速排序 */,
				03815CD123E462ED009F9A1C /* 3.堆排序 */,
				03815CD023E462E2009F9A1C /* 2.选择排序 */,
				03815CCC23E4625D009F9A1C /* 1.冒泡排序 */,
				03F6377723D69D6E0095AE17 /* AppDelegate.h */,
				03F6377823D69D6E0095AE17 /* AppDelegate.m */,
				03F6377A23D69D6E0095AE17 /* SceneDelegate.h */,
				03F6377B23D69D6E0095AE17 /* SceneDelegate.m */,
				03F6377D23D69D6E0095AE17 /* ViewController.h */,
				03F6377E23D69D6E0095AE17 /* ViewController.m */,
				03F6378023D69D6E0095AE17 /* Main.storyboard */,
				03F6378323D69D6F0095AE17 /* Assets.xcassets */,
				03F6378523D69D6F0095AE17 /* LaunchScreen.storyboard */,
				03F6378823D69D6F0095AE17 /* Info.plist */,
				03F6378923D69D6F0095AE17 /* main.m */,
			);
			path = SortDemo;
			sourceTree = "<group>";
		};
/* End PBXGroup section */

/* Begin PBXNativeTarget section */
		03F6377323D69D6E0095AE17 /* SortDemo */ = {
			isa = PBXNativeTarget;
			buildConfigurationList = 03F6378D23D69D6F0095AE17 /* Build configuration list for PBXNativeTarget "SortDemo" */;
			buildPhases = (
				03F6377023D69D6E0095AE17 /* Sources */,
				03F6377123D69D6E0095AE17 /* Frameworks */,
				03F6377223D69D6E0095AE17 /* Resources */,
			);
			buildRules = (
			);
			dependencies = (
			);
			name = SortDemo;
			productName = SortDemo;
			productReference = 03F6377423D69D6E0095AE17 /* SortDemo.app */;
			productType = "com.apple.product-type.application";
		};
/* End PBXNativeTarget section */

/* Begin PBXProject section */
		03F6376C23D69D6E0095AE17 /* Project object */ = {
			isa = PBXProject;
			attributes = {
				LastUpgradeCheck = 1130;
				ORGANIZATIONNAME = "鲁本英";
				TargetAttributes = {
					03F6377323D69D6E0095AE17 = {
						CreatedOnToolsVersion = 11.3;
					};
				};
			};
			buildConfigurationList = 03F6376F23D69D6E0095AE17 /* Build configuration list for PBXProject "SortDemo" */;
			compatibilityVersion = "Xcode 9.3";
			developmentRegion = en;
			hasScannedForEncodings = 0;
			knownRegions = (
				en,
				Base,
			);
			mainGroup = 03F6376B23D69D6E0095AE17;
			productRefGroup = 03F6377523D69D6E0095AE17 /* Products */;
			projectDirPath = "";
			projectRoot = "";
			targets = (
				03F6377323D69D6E0095AE17 /* SortDemo */,
			);
		};
/* End PBXProject section */

/* Begin PBXResourcesBuildPhase section */
		03F6377223D69D6E0095AE17 /* Resources */ = {
			isa = PBXResourcesBuildPhase;
			buildActionMask = 2147483647;
			files = (
				03F6378723D69D6F0095AE17 /* LaunchScreen.storyboard in Resources */,
				03F6378423D69D6F0095AE17 /* Assets.xcassets in Resources */,
				03F6378223D69D6E0095AE17 /* Main.storyboard in Resources */,
			);
			runOnlyForDeploymentPostprocessing = 0;
		};
/* End PBXResourcesBuildPhase section */

/* Begin PBXSourcesBuildPhase section */
		03F6377023D69D6E0095AE17 /* Sources */ = {
			isa = PBXSourcesBuildPhase;
			buildActionMask = 2147483647;
			files = (
				03F6377F23D69D6E0095AE17 /* ViewController.m in Sources */,
				03815CCF23E4627D009F9A1C /* BubbleSort.m in Sources */,
				03815CE523E47529009F9A1C /* RadixSort.m in Sources */,
				03815CE123E473E7009F9A1C /* MergeSort.m in Sources */,
				03815CDD23E4651F009F9A1C /* ShellSort.m in Sources */,
				03815CE823E560E4009F9A1C /* SortTest.m in Sources */,
				03F6377923D69D6E0095AE17 /* AppDelegate.m in Sources */,
				03815CD923E46488009F9A1C /* HeapSort.m in Sources */,
				03815CC723E449C3009F9A1C /* QuickSort.m in Sources */,
				03F6378A23D69D6F0095AE17 /* main.m in Sources */,
				03815CCA23E45C8F009F9A1C /* InsertSort.m in Sources */,
				03F6377C23D69D6E0095AE17 /* SceneDelegate.m in Sources */,
				03815CD623E46419009F9A1C /* SelectSort.m in Sources */,
			);
			runOnlyForDeploymentPostprocessing = 0;
		};
/* End PBXSourcesBuildPhase section */

/* Begin PBXVariantGroup section */
		03F6378023D69D6E0095AE17 /* Main.storyboard */ = {
			isa = PBXVariantGroup;
			children = (
				03F6378123D69D6E0095AE17 /* Base */,
			);
			name = Main.storyboard;
			sourceTree = "<group>";
		};
		03F6378523D69D6F0095AE17 /* LaunchScreen.storyboard */ = {
			isa = PBXVariantGroup;
			children = (
				03F6378623D69D6F0095AE17 /* Base */,
			);
			name = LaunchScreen.storyboard;
			sourceTree = "<group>";
		};
/* End PBXVariantGroup section */

/* Begin XCBuildConfiguration section */
		03F6378B23D69D6F0095AE17 /* Debug */ = {
			isa = XCBuildConfiguration;
			buildSettings = {
				ALWAYS_SEARCH_USER_PATHS = NO;
				CLANG_ANALYZER_NONNULL = YES;
				CLANG_ANALYZER_NUMBER_OBJECT_CONVERSION = YES_AGGRESSIVE;
				CLANG_CXX_LANGUAGE_STANDARD = "gnu++14";
				CLANG_CXX_LIBRARY = "libc++";
				CLANG_ENABLE_MODULES = YES;
				CLANG_ENABLE_OBJC_ARC = YES;
				CLANG_ENABLE_OBJC_WEAK = YES;
				CLANG_WARN_BLOCK_CAPTURE_AUTORELEASING = YES;
				CLANG_WARN_BOOL_CONVERSION = YES;
				CLANG_WARN_COMMA = YES;
				CLANG_WARN_CONSTANT_CONVERSION = YES;
				CLANG_WARN_DEPRECATED_OBJC_IMPLEMENTATIONS = YES;
				CLANG_WARN_DIRECT_OBJC_ISA_USAGE = YES_ERROR;
				CLANG_WARN_DOCUMENTATION_COMMENTS = YES;
				CLANG_WARN_EMPTY_BODY = YES;
				CLANG_WARN_ENUM_CONVERSION = YES;
				CLANG_WARN_INFINITE_RECURSION = YES;
				CLANG_WARN_INT_CONVERSION = YES;
				CLANG_WARN_NON_LITERAL_NULL_CONVERSION = YES;
				CLANG_WARN_OBJC_IMPLICIT_RETAIN_SELF = YES;
				CLANG_WARN_OBJC_LITERAL_CONVERSION = YES;
				CLANG_WARN_OBJC_ROOT_CLASS = YES_ERROR;
				CLANG_WARN_RANGE_LOOP_ANALYSIS = YES;
				CLANG_WARN_STRICT_PROTOTYPES = YES;
				CLANG_WARN_SUSPICIOUS_MOVE = YES;
				CLANG_WARN_UNGUARDED_AVAILABILITY = YES_AGGRESSIVE;
				CLANG_WARN_UNREACHABLE_CODE = YES;
				CLANG_WARN__DUPLICATE_METHOD_MATCH = YES;
				COPY_PHASE_STRIP = NO;
				DEBUG_INFORMATION_FORMAT = dwarf;
				ENABLE_STRICT_OBJC_MSGSEND = YES;
				ENABLE_TESTABILITY = YES;
				GCC_C_LANGUAGE_STANDARD = gnu11;
				GCC_DYNAMIC_NO_PIC = NO;
				GCC_NO_COMMON_BLOCKS = YES;
				GCC_OPTIMIZATION_LEVEL = 0;
				GCC_PREPROCESSOR_DEFINITIONS = (
					"DEBUG=1",
					"$(inherited)",
				);
				GCC_WARN_64_TO_32_BIT_CONVERSION = YES;
				GCC_WARN_ABOUT_RETURN_TYPE = YES_ERROR;
				GCC_WARN_UNDECLARED_SELECTOR = YES;
				GCC_WARN_UNINITIALIZED_AUTOS = YES_AGGRESSIVE;
				GCC_WARN_UNUSED_FUNCTION = YES;
				GCC_WARN_UNUSED_VARIABLE = YES;
				IPHONEOS_DEPLOYMENT_TARGET = 13.2;
				MTL_ENABLE_DEBUG_INFO = INCLUDE_SOURCE;
				MTL_FAST_MATH = YES;
				ONLY_ACTIVE_ARCH = YES;
				SDKROOT = iphoneos;
			};
			name = Debug;
		};
		03F6378C23D69D6F0095AE17 /* Release */ = {
			isa = XCBuildConfiguration;
			buildSettings = {
				ALWAYS_SEARCH_USER_PATHS = NO;
				CLANG_ANALYZER_NONNULL = YES;
				CLANG_ANALYZER_NUMBER_OBJECT_CONVERSION = YES_AGGRESSIVE;
				CLANG_CXX_LANGUAGE_STANDARD = "gnu++14";
				CLANG_CXX_LIBRARY = "libc++";
				CLANG_ENABLE_MODULES = YES;
				CLANG_ENABLE_OBJC_ARC = YES;
				CLANG_ENABLE_OBJC_WEAK = YES;
				CLANG_WARN_BLOCK_CAPTURE_AUTORELEASING = YES;
				CLANG_WARN_BOOL_CONVERSION = YES;
				CLANG_WARN_COMMA = YES;
				CLANG_WARN_CONSTANT_CONVERSION = YES;
				CLANG_WARN_DEPRECATED_OBJC_IMPLEMENTATIONS = YES;
				CLANG_WARN_DIRECT_OBJC_ISA_USAGE = YES_ERROR;
				CLANG_WARN_DOCUMENTATION_COMMENTS = YES;
				CLANG_WARN_EMPTY_BODY = YES;
				CLANG_WARN_ENUM_CONVERSION = YES;
				CLANG_WARN_INFINITE_RECURSION = YES;
				CLANG_WARN_INT_CONVERSION = YES;
				CLANG_WARN_NON_LITERAL_NULL_CONVERSION = YES;
				CLANG_WARN_OBJC_IMPLICIT_RETAIN_SELF = YES;
				CLANG_WARN_OBJC_LITERAL_CONVERSION = YES;
				CLANG_WARN_OBJC_ROOT_CLASS = YES_ERROR;
				CLANG_WARN_RANGE_LOOP_ANALYSIS = YES;
				CLANG_WARN_STRICT_PROTOTYPES = YES;
				CLANG_WARN_SUSPICIOUS_MOVE = YES;
				CLANG_WARN_UNGUARDED_AVAILABILITY = YES_AGGRESSIVE;
				CLANG_WARN_UNREACHABLE_CODE = YES;
				CLANG_WARN__DUPLICATE_METHOD_MATCH = YES;
				COPY_PHASE_STRIP = NO;
				DEBUG_INFORMATION_FORMAT = "dwarf-with-dsym";
				ENABLE_NS_ASSERTIONS = NO;
				ENABLE_STRICT_OBJC_MSGSEND = YES;
				GCC_C_LANGUAGE_STANDARD = gnu11;
				GCC_NO_COMMON_BLOCKS = YES;
				GCC_WARN_64_TO_32_BIT_CONVERSION = YES;
				GCC_WARN_ABOUT_RETURN_TYPE = YES_ERROR;
				GCC_WARN_UNDECLARED_SELECTOR = YES;
				GCC_WARN_UNINITIALIZED_AUTOS = YES_AGGRESSIVE;
				GCC_WARN_UNUSED_FUNCTION = YES;
				GCC_WARN_UNUSED_VARIABLE = YES;
				IPHONEOS_DEPLOYMENT_TARGET = 13.2;
				MTL_ENABLE_DEBUG_INFO = NO;
				MTL_FAST_MATH = YES;
				SDKROOT = iphoneos;
				VALIDATE_PRODUCT = YES;
			};
			name = Release;
		};
		03F6378E23D69D6F0095AE17 /* Debug */ = {
			isa = XCBuildConfiguration;
			buildSettings = {
				ASSETCATALOG_COMPILER_APPICON_NAME = AppIcon;
				CODE_SIGN_STYLE = Automatic;
				DEVELOPMENT_TEAM = EH4QP2YKYS;
				INFOPLIST_FILE = SortDemo/Info.plist;
				LD_RUNPATH_SEARCH_PATHS = (
					"$(inherited)",
					"@executable_path/Frameworks",
				);
				PRODUCT_BUNDLE_IDENTIFIER = com.lby.SortDemo;
				PRODUCT_NAME = "$(TARGET_NAME)";
				TARGETED_DEVICE_FAMILY = "1,2";
			};
			name = Debug;
		};
		03F6378F23D69D6F0095AE17 /* Release */ = {
			isa = XCBuildConfiguration;
			buildSettings = {
				ASSETCATALOG_COMPILER_APPICON_NAME = AppIcon;
				CODE_SIGN_STYLE = Automatic;
				DEVELOPMENT_TEAM = EH4QP2YKYS;
				INFOPLIST_FILE = SortDemo/Info.plist;
				LD_RUNPATH_SEARCH_PATHS = (
					"$(inherited)",
					"@executable_path/Frameworks",
				);
				PRODUCT_BUNDLE_IDENTIFIER = com.lby.SortDemo;
				PRODUCT_NAME = "$(TARGET_NAME)";
				TARGETED_DEVICE_FAMILY = "1,2";
			};
			name = Release;
		};
/* End XCBuildConfiguration section */

/* Begin XCConfigurationList section */
		03F6376F23D69D6E0095AE17 /* Build configuration list for PBXProject "SortDemo" */ = {
			isa = XCConfigurationList;
			buildConfigurations = (
				03F6378B23D69D6F0095AE17 /* Debug */,
				03F6378C23D69D6F0095AE17 /* Release */,
			);
			defaultConfigurationIsVisible = 0;
			defaultConfigurationName = Release;
		};
		03F6378D23D69D6F0095AE17 /* Build configuration list for PBXNativeTarget "SortDemo" */ = {
			isa = XCConfigurationList;
			buildConfigurations = (
				03F6378E23D69D6F0095AE17 /* Debug */,
				03F6378F23D69D6F0095AE17 /* Release */,
			);
			defaultConfigurationIsVisible = 0;
			defaultConfigurationName = Release;
		};
/* End XCConfigurationList section */
	};
	rootObject = 03F6376C23D69D6E0095AE17 /* Project object */;
}
